
Microsoft Visual Studio Solution File, Format Version 12.00
Project("{FAE04EC0-301F-11D3-BF4B-00C04F79EFBC}") = "test2", "test2\test2.csproj", "{615EA535-A713-4373-90F2-56BBACDBB2EF}"
EndProject
Project("{FAE04EC0-301F-11D3-BF4B-00C04F79EFBC}") = "Test.Logic", "Test.Logic\Test.Logic.csproj", "{CA7AA3F5-EE68-4689-A19C-FBF54672189F}"
EndProject
Global
	GlobalSection(SolutionConfigurationPlatforms) = preSolution
		Debug|Any CPU = Debug|Any CPU
		Release|Any CPU = Release|Any CPU
	EndGlobalSection
	GlobalSection(ProjectConfigurationPlatforms) = postSolution
		{615EA535-A713-4373-90F2-56BBACDBB2EF}.Debug|Any CPU.ActiveCfg = Debug|Any CPU
		{615EA535-A713-4373-90F2-56BBACDBB2EF}.Debug|Any CPU.Build.0 = Debug|Any CPU
		{615EA535-A713-4373-90F2-56BBACDBB2EF}.Release|Any CPU.ActiveCfg = Release|Any CPU
		{615EA535-A713-4373-90F2-56BBACDBB2EF}.Release|Any CPU.Build.0 = Release|Any CPU
		{CA7AA3F5-EE68-4689-A19C-FBF54672189F}.Debug|Any CPU.ActiveCfg = Debug|Any CPU
		{CA7AA3F5-EE68-4689-A19C-FBF54672189F}.Debug|Any CPU.Build.0 = Debug|Any CPU
		{CA7AA3F5-EE68-4689-A19C-FBF54672189F}.Release|Any CPU.ActiveCfg = Release|Any CPU
		{CA7AA3F5-EE68-4689-A19C-FBF54672189F}.Release|Any CPU.Build.0 = Release|Any CPU
	EndGlobalSection
EndGlobal
